#MicroXplorer Configuration settings - do not modify
NVIC.ADC1_2_IRQn=true\:0\:0\:true\:false\:true\:true\:false
PCC.Series=STM32G4
ADC5.IPParameters=Rank-1\#ChannelRegularConversion,Channel-1\#ChannelRegularConversion,SamplingTime-1\#ChannelRegularConversion,OffsetNumber-1\#ChannelRegularConversion,NbrOfConversionFlag,EnableInjectedConversion,OversamplingMode,Rank-3\#ChannelRegularConversion,Channel-3\#ChannelRegularConversion,SamplingTime-3\#ChannelRegularConversion,OffsetNumber-3\#ChannelRegularConversion,NbrOfConversion,EnableInjectedOversampling,Rank-4\#ChannelRegularConversion,Channel-4\#ChannelRegularConversion,SamplingTime-4\#ChannelRegularConversion,OffsetNumber-4\#ChannelRegularConversion,EOCSelection,DMAContinuousRequests,ContinuousConvMode,Overrun,ExternalTrigConv,DiscontinuousConvMode,RightBitShift,Ratio,OversamplingStopReset
HRTIM1.UpdateTrigger1-Output_TB1TB2=HRTIM_TIMUPDATETRIGGER_TIMER_B
RCC.USART1Freq_Value=170000000
Dma.USART3_RX.1.Mode=DMA_CIRCULAR
Dma.ADC5.0.RequestNumber=1
Dma.ADC5.0.RequestParameters=Instance,Direction,PeriphInc,MemInc,PeriphDataAlignment,MemDataAlignment,Mode,Priority,SignalID,Polarity,RequestNumber,SyncSignalID,SyncPolarity,SyncEnable,EventEnable,SyncRequestNumber
ARM.CMSIS.5.6.0_SwParameter=CMSISJjDSP\:Source;CMSISJjCORE\:true;
HRTIM1.NumberUpdateTrigger-Output_TB1TB2=1
PB14.GPIO_Label=ILS+
PG10-NRST.GPIO_Label=RST
PA3.GPIOParameters=GPIO_Label
Dma.ADC5.0.MemInc=DMA_MINC_ENABLE
ADC1.OffsetNumber-13\#ChannelRegularConversion=ADC_OFFSET_NONE
HRTIM1.FallingValue-Output_TB1TB2=10
PA2.GPIOParameters=GPIO_Label
PC15-OSC32_OUT.GPIO_Label=LED0
PinOutPanel.RotationAngle=0
RCC.MCO1PinFreq_Value=16000000
RCC.SYSCLKSource=RCC_SYSCLKSOURCE_PLLCLK
HRTIM1.ResetTrigger1-Output_TB1TB2=HRTIM_TIMRESETTRIGGER_MASTER_PER
ADC4.IPParameters=Rank-1\#ChannelRegularConversion,Channel-1\#ChannelRegularConversion,SingleDiff-1\#ChannelRegularConversion,SamplingTime-1\#ChannelRegularConversion,OffsetNumber-1\#ChannelRegularConversion,NbrOfConversionFlag,ExternalTrigConv,Overrun
USART3.VirtualMode-Asynchronous=VM_ASYNC
RCC.LPTIM1Freq_Value=170000000
NVIC.SVCall_IRQn=true\:2\:0\:true\:false\:true\:false\:false
PCC.Seq0.Step1.Oscillator=HSE BYP PLL
PCC.PartNumber=STM32G474CEUx
Dma.USART3_RX.1.Instance=DMA1_Channel2
HRTIM1.NumberInterruptRequests_Master-MasterTimer=1
Dma.ADC5.0.Direction=DMA_PERIPH_TO_MEMORY
ADC5.OffsetNumber-1\#ChannelRegularConversion=ADC_OFFSET_NONE
HRTIM1.RisingValue-Output_TB1TB2=10
RCC.I2C4Freq_Value=170000000
RCC.APB2TimFreq_Value=170000000
PB6.Signal=FDCAN2_TX
PCC.Seq0.Step1.TaMax=127.69
PB6.Mode=FDCAN_Activate
ADC5.RightBitShift=ADC_RIGHTBITSHIFT_4
VP_HRTIM1_VS_hrtimMasterTimerNoOutput.Signal=HRTIM1_VS_hrtimMasterTimerNoOutput
PB8-BOOT0.GPIOParameters=GPIO_Label
VP_ADC3_OPAMP_INTERNAL3.Signal=ADC3_OPAMP_INTERNAL3
PCC.Seq0.Step1.Category=Measurements
HRTIM1.Fault_Line1=__NULL
VP_HRTIM1_VS_hrtimMasterTimerNoOutput.Mode=MasterTimer
VREF+.Signal=VREFBUF_OUT
RCC.USART3Freq_Value=170000000
ProjectManager.ProjectBuild=false
NVIC.UsageFault_IRQn=true\:0\:0\:false\:false\:true\:false\:false
PCC.Seq0.Step1.Vdd=1.8
PB3.Mode=Trace_Asynchronous_SW
PB2.Signal=GPIO_Input
PA8.Locked=true
PCC.Seq0.Step0.Voltage_Source=Vbus
Dma.ADC5.0.PeriphInc=DMA_PINC_DISABLE
RCC.ADC12Freq_Value=170000000
Dma.USART3_RX.1.SignalID=NONE
ADC3.ExternalTrigConv=ADC_EXTERNALTRIG_HRTIM_TRG1
ProjectManager.FirmwarePackage=STM32Cube FW_G4 V1.4.0
MxDb.Version=DB.6.0.20
PB0.GPIOParameters=GPIO_PuPd,GPIO_Label
PA1.GPIOParameters=GPIO_Label
HRTIM1.EnableCalibration=DLLSimpleCalibration
ProjectManager.BackupPrevious=true
Dma.USART3_RX.1.SyncPolarity=HAL_DMAMUX_SYNC_NO_EVENT
PC4.GPIO_Label=ID0
Dma.USART3_RX.1.Priority=DMA_PRIORITY_LOW
PF0-OSC_IN.Locked=true
PB14.Mode=IN4-Differential
PB1.GPIO_Label=ID2
ADC3.IPParameters=Rank-3\#ChannelRegularConversion,master,Channel-3\#ChannelRegularConversion,SamplingTime-3\#ChannelRegularConversion,OffsetNumber-3\#ChannelRegularConversion,NbrOfConversionFlag,ExternalTrigConv,ClockPrescaler
HRTIM1.Source_ADCTrigger6=HRTIM_ADCTRIGGEREVENT6810_TIMERB_CMP2
PA8.Signal=ADC5_IN1
RCC.PLLRCLKFreq_Value=170000000
PB6.Locked=true
NVIC.PendSV_IRQn=true\:2\:0\:true\:false\:true\:false\:false
ProjectManager.HalAssertFull=false
PB2.GPIO_PuPd=GPIO_PULLUP
Dma.ADC5.0.PeriphDataAlignment=DMA_PDATAALIGN_HALFWORD
VP_FMAC_VS_FMAC.Signal=FMAC_VS_FMAC
Mcu.Package=UFQFPN48
PB9.Signal=GPIO_Output
PB1.Signal=GPIO_Input
HRTIM1.InterleavedMode-MasterTimer=HRTIM_INTERLEAVED_MODE_DISABLED
VP_ADC2_OPAMP_INTERNAL2.Signal=ADC2_OPAMP_INTERNAL2
ADC1.SingleDiff-13\#ChannelRegularConversion=ADC_DIFFERENTIAL_ENDED
ARM.CMSIS.5.6.0.CMSISJjDSP_Checked=false
ADC5.EnableInjectedOversampling=ENABLE
Dma.USART3_RX.1.Direction=DMA_PERIPH_TO_MEMORY
PA14.Locked=true
ADC5.SamplingTime-1\#ChannelRegularConversion=ADC_SAMPLETIME_47CYCLES_5
HRTIM1.ResetOutput1_Source1-Output_TB1TB2=HRTIM_OUTPUTRESET_TIMCMP2
Dma.ADC5.0.Instance=DMA1_Channel1
PCC.Seq0.Step1.Average_Current=42.81 mA
VP_SYS_VS_Systick.Signal=SYS_VS_Systick
RCC.LSCOPinFreq_Value=32000
USART3.IPParameters=VirtualMode-Asynchronous
PA10.Signal=HRTIM1_CHB1
PC11.Mode=Asynchronous
PB14.GPIOParameters=GPIO_Label
ADC5.EOCSelection=ADC_EOC_SEQ_CONV
HRTIM1.NumberADCTriggerSource2=1
HRTIM1.NumberADCTriggerSource1=1
PCC.Seq0.Step1.DMIPS=212.5
HRTIM1.NumberADCTriggerSource4=1
RCC.PLLPoutputFreq_Value=170000000
HRTIM1.NumberADCTriggerSource3=1
RCC.APB1TimFreq_Value=170000000
HRTIM1.InterruptRequests1_Master=HRTIM_MASTER_IT_MREP
ADC5.Channel-1\#ChannelRegularConversion=ADC_CHANNEL_TEMPSENSOR_ADC5
NVIC.BusFault_IRQn=true\:0\:0\:false\:false\:true\:false\:false
HRTIM1.DeadTimeInsertion-Output_TB1TB2=HRTIM_TIMDEADTIMEINSERTION_ENABLED
RCC.LPUART1Freq_Value=170000000
NVIC.ADC5_IRQn=true\:2\:0\:true\:false\:true\:true\:true
PC15-OSC32_OUT.GPIOParameters=GPIO_Label
ProjectManager.CustomerFirmwarePackage=
PC4.GPIOParameters=GPIO_PuPd,GPIO_Label
PF1-OSC_OUT.Signal=RCC_OSC_OUT
RCC.HSI48_VALUE=48000000
PCC.Seq0.Step0.Category=Measurements
HRTIM1.CompareUnit1-Output_TB1TB2=__NULL
VREF+.Mode=InternalMode
RCC.PLLQoutputFreq_Value=170000000
ProjectManager.ProjectFileName=reboost.ioc
PA15.GPIOParameters=GPIO_Label
Mcu.PinsNb=42
HRTIM1.NumberSetSource1-Output_TB1TB2=1
ADC4.ExternalTrigConv=ADC_EXTERNALTRIG_HRTIM_TRG1
PC11.Locked=true
ADC1.IPParameters=Rank-13\#ChannelRegularConversion,master,Channel-13\#ChannelRegularConversion,SingleDiff-13\#ChannelRegularConversion,SamplingTime-13\#ChannelRegularConversion,OffsetNumber-13\#ChannelRegularConversion,NbrOfConversionFlag,ExternalTrigConv,ClockPrescaler
PC13.Locked=true
PC13.Signal=GPIO_Output
PA9.GPIO_Label=Tsink
HRTIM1.PreloadEnable-Output_TB1TB2=HRTIM_PRELOAD_ENABLED
ADC4.SamplingTime-1\#ChannelRegularConversion=ADC_SAMPLETIME_2CYCLES_5
PA11.GPIO_Label=P2 EN / HS
Dma.USART3_RX.1.MemDataAlignment=DMA_MDATAALIGN_BYTE
PCC.Line=STM32G4x4
PC14-OSC32_IN.Signal=GPIO_Output
RCC.QSPIFreq_Value=170000000
HRTIM1.NumberSetSource2_TB=0
ADC5.Overrun=ADC_OVR_DATA_OVERWRITTEN
PB8-BOOT0.Locked=true
NVIC.FDCAN2_IT0_IRQn=true\:2\:0\:true\:false\:true\:true\:true
SYS.IPParameters=VoltageScaling
Dma.ADC5.0.Polarity=HAL_DMAMUX_REQ_GEN_RISING
FDCAN2.NominalTimeSeg1=8
PA3.Mode=IN3-Differential
FDCAN2.NominalTimeSeg2=6
PCC.MCU=STM32G474C(B-C-E)Ux
PA15.Locked=true
PA8.GPIO_Label=Tamb
PC15-OSC32_OUT.Locked=true
PG10-NRST.Signal=GPIO_Input
VP_CRC_VS_CRC.Signal=CRC_VS_CRC
ADC2.IPParameters=Rank-0\#ChannelRegularConversion,Channel-0\#ChannelRegularConversion,SamplingTime-0\#ChannelRegularConversion,OffsetNumber-0\#ChannelRegularConversion,NbrOfConversionFlag,ExternalTrigConv
Dma.USART3_RX.1.EventEnable=DISABLE
PA9.Signal=ADC5_IN2
PB5.Locked=true
PB9.Locked=true
FDCAN2.NominalPrescaler=85
ADC5.Rank-1\#ChannelRegularConversion=1
HRTIM1.PreloadEnable-MasterTimer=HRTIM_PRELOAD_ENABLED
ARM.CMSIS.5.6.0.CMSISJjCORE=true
PB14.Signal=ADC4_IN4
Mcu.Pin40=VP_SYS_VS_Systick
Mcu.Pin41=VP_SYS_VS_DBSignals
Dma.ADC5.0.SyncRequestNumber=1
ADC2.OffsetNumber-0\#ChannelRegularConversion=ADC_OFFSET_NONE
PB8-BOOT0.Signal=GPIO_Input
NVIC.HRTIM1_Master_IRQn=true\:1\:0\:true\:false\:true\:false\:true
ProjectManager.LastFirmware=true
Dma.USART3_RX.1.RequestParameters=Instance,Direction,PeriphInc,MemInc,PeriphDataAlignment,MemDataAlignment,Mode,Priority,SignalID,Polarity,RequestNumber,SyncSignalID,SyncPolarity,SyncEnable,EventEnable,SyncRequestNumber
RCC.ADC345Freq_Value=170000000
PA1.Mode=Follower_Internally_Connected
ADC4.Channel-1\#ChannelRegularConversion=ADC_CHANNEL_4
PCC.Seq0.Step0.Vcore=Range1-Boost
PB4.GPIO_Label=DREN
Mcu.Pin37=VP_CRC_VS_CRC
Mcu.Pin38=VP_FMAC_VS_FMAC
ADC4.NbrOfConversionFlag=1
PB15.GPIO_Label=ILS-
Mcu.Pin35=VP_ADC3_OPAMP_INTERNAL3
ADC5.Channel-4\#ChannelRegularConversion=ADC_CHANNEL_2
RCC.I2C1Freq_Value=170000000
Mcu.Pin36=VP_ADC5_TempSens_Input
VP_SYS_VS_DBSignals.Signal=SYS_VS_DBSignals
Mcu.Pin39=VP_HRTIM1_VS_hrtimMasterTimerNoOutput
HRTIM1.Deadtimeconfig-Output_TB1TB2=HRTIM_TIMERINDEX_TIMER_B
RCC.RNGFreq_Value=170000000
Mcu.Pin30=PB6
PA1.GPIO_Label=VLS
Mcu.Pin33=PB9
Mcu.Pin34=VP_ADC2_OPAMP_INTERNAL2
HRTIM1.CompareUnit2-Output_TB1TB2=HRTIM_COMPAREUNIT_2
Mcu.Pin31=PB7
Mcu.Pin32=PB8-BOOT0
Dma.ADC5.0.SignalID=NONE
NVIC.NonMaskableInt_IRQn=true\:0\:0\:false\:false\:true\:false\:false
PA13.Mode=Trace_Asynchronous_SW
Dma.ADC5.0.Priority=DMA_PRIORITY_MEDIUM
ProjectManager.FreePins=false
Mcu.Pin26=PC11
Mcu.Pin27=PB3
Mcu.Pin24=PA15
ProjectManager.UnderRoot=true
Mcu.Pin25=PC10
ADC1.ExternalTrigConv=ADC_EXTERNALTRIG_HRTIM_TRG1
Mcu.Pin28=PB4
Mcu.Pin29=PB5
PB4.Locked=true
PB5.Signal=FDCAN2_RX
Mcu.Pin22=PA13
Mcu.Pin23=PA14
ADC4.OffsetNumber-1\#ChannelRegularConversion=ADC_OFFSET_NONE
Mcu.Pin20=PA11
ADC1.master=1
Mcu.Pin21=PA12
VP_ADC5_TempSens_Input.Mode=IN-TempSens
ADC2.NbrOfConversionFlag=1
NVIC.ForceEnableDMAVector=true
NVIC.MemoryManagement_IRQn=true\:0\:0\:false\:false\:true\:false\:false
ProjectManager.CompilerOptimize=6
PA11.Signal=HRTIM1_CHB2
HRTIM1.CompareValue1-Output_TB1TB2=25000
ProjectManager.HeapSize=0x200
Mcu.Pin15=PB14
NVIC.HardFault_IRQn=true\:0\:0\:false\:false\:true\:false\:false
Mcu.Pin16=PB15
HRTIM1.CompareValue2-Output_TB1TB2=25000
Mcu.Pin13=PB2
Mcu.Pin14=VREF+
Dma.ADC5.0.SyncPolarity=HAL_DMAMUX_SYNC_NO_EVENT
Mcu.Pin19=PA10
ProjectManager.ComputerToolchain=false
Mcu.Pin17=PA8
Mcu.Pin18=PA9
Dma.USART3_RX.1.Polarity=HAL_DMAMUX_REQ_GEN_RISING
NVIC.PriorityGroup=NVIC_PRIORITYGROUP_4
Mcu.Pin11=PB0
Mcu.Pin12=PB1
Mcu.Pin10=PC4
RCC.PWRFreq_Value=170000000
PA8.Mode=IN1-Single-Ended
PCC.Seq0.Step1.Vcore=Range1-Boost
PCC.Seq0.Step1.Voltage_Source=Battery
NVIC.DMA1_Channel1_IRQn=true\:2\:0\:true\:false\:true\:false\:true
PF0-OSC_IN.Signal=RCC_OSC_IN
HRTIM1.RepetitionUpdate-Output_TB1TB2=HRTIM_UPDATEONREPETITION_ENABLED
PCC.Seq0=2
ADC5.DiscontinuousConvMode=DISABLE
RCC.I2C2Freq_Value=170000000
HRTIM1.CompareUnit3-Output_TB1TB2=HRTIM_COMPAREUNIT_3
PB0.Signal=GPIO_Input
PA7.GPIOParameters=GPIO_Label
ADC5.OversamplingMode=ENABLE
HRTIM1.CompareValue3-Output_TB1TB2=12500
Dma.ADC5.0.SyncEnable=DISABLE
HRTIM1.IPParameters=Fault_Line1,EnableCalibration,CompareUnit1-MasterTimer,Periode_MASTER,InterleavedMode-MasterTimer,ADCTrigger_Id1,ORingUpdateSource_ADCTrigger1,NumberADCTriggerSource1,ADCTrigger1_Source1,ADCTrigger_Id2,ORingUpdateSource_ADCTrigger2,NumberADCTriggerSource2,ADCTrigger2_Source1,NumberInterruptRequests_Master-MasterTimer,InterruptRequests1_Master,RepetitionCounter-MasterTimer,ADCTrigger_Id3,HRTIMInterruptResquests1,postscaler2,ADCTrigger_Id4,ADCTrigger_Id5,ADCTrigger_Id6,Source_ADCTrigger6,ORingUpdateSource_ADCTrigger6,postscaler6,postscaler1,CompareUnit3-Output_TB1TB2,CompareUnit1-Output_TB1TB2,Deadtimeconfig-Output_TB1TB2,NumberSetSource1-Output_TB1TB2,SetOutput1_Source1-Output_TB1TB2,NumberResetSource1-Output_TB1TB2,ResetOutput1_Source1-Output_TB1TB2,Periode_TB,RepetitionCounter-Output_TB1TB2,CompareUnit2-Output_TB1TB2,NumberResetTrigger-Output_TB1TB2,ResetTrigger1-Output_TB1TB2,ORingUpdateSource_ADCTrigger4,NumberADCTriggerSource4,ADCTrigger4_Source1,ORingUpdateSource_ADCTrigger3,NumberADCTriggerSource3,ORingUpdateSource_ADCTrigger5,CompareValue1-Output_TB1TB2,CompareValue2-Output_TB1TB2,CompareValue3-Output_TB1TB2,FallingValue-Output_TB1TB2,RisingValue-Output_TB1TB2,NumberSetSource2_TB,SetOutput2_Source1-Output_TB1TB2,NumberResetSource2_TB,ResetOutput2_Source1-Output_TB1TB2,DeadTimeInsertion-Output_TB1TB2,NumberUpdateTrigger-Output_TB1TB2,UpdateTrigger1-Output_TB1TB2,PreloadEnable-Output_TB1TB2,ResetUpdate-Output_TB1TB2,PreloadEnable-MasterTimer,RepetitionUpdate-Output_TB1TB2,RepetitionUpdate-MasterTimer
Mcu.Family=STM32G4
ProjectManager.MainLocation=Core/Src
NVIC.ADC3_IRQn=true\:0\:0\:true\:false\:true\:true\:false
ADC2.ExternalTrigConv=ADC_EXTERNALTRIG_HRTIM_TRG1
RCC.SAI1Freq_Value=170000000
RCC.CortexFreq_Value=170000000
ProjectManager.KeepUserCode=true
Mcu.UserName=STM32G474CEUx
ADC3.Channel-3\#ChannelRegularConversion=ADC_CHANNEL_VOPAMP3_ADC3
ADC2.Channel-0\#ChannelRegularConversion=ADC_CHANNEL_VOPAMP2
VP_FMAC_VS_FMAC.Mode=FMAC_Activate
PCC.Seq0.Step0.CPU_Frequency=170 MHz
PCC.Seq0.Step0.User's_Consumption=20 mA
PC10.Locked=true
PC10.Signal=USART3_TX
ARM.CMSIS.5.6.0.IPParameters=CMSISJjCORE,CMSISJjDSP
PA12.GPIOParameters=GPIO_Label
HRTIM1.RepetitionCounter-MasterTimer=100
ProjectManager.functionlistsort=1-SystemClock_Config-RCC-false-HAL-false,2-MX_GPIO_Init-GPIO-false-HAL-true,3-MX_ADC1_Init-ADC1-false-HAL-true,4-MX_ADC5_Init-ADC5-false-HAL-true,5-MX_CRC_Init-CRC-false-HAL-true,6-MX_FMAC_Init-FMAC-false-HAL-true,7-MX_HRTIM1_Init-HRTIM1-true-HAL-true,8-MX_FDCAN2_Init-FDCAN2-true-HAL-true,9-MX_USART3_UART_Init-USART3-false-HAL-true,10-MX_DMA_Init-DMA-true-HAL-true,11-MX_ADC3_Init-ADC3-false-HAL-true,12-MX_ADC4_Init-ADC4-false-HAL-true,13-MX_OPAMP2_Init-OPAMP2-false-HAL-true,14-MX_OPAMP3_Init-OPAMP3-false-HAL-true,15-MX_ADC2_Init-ADC2-false-HAL-true
PA9.GPIOParameters=GPIO_Label
PA11.GPIOParameters=GPIO_Label
PA11.Mode=Output_TB1TB2
PB0.GPIO_Label=ID1
RCC.USART2Freq_Value=170000000
PCC.Seq0.Step1.Duration=1 ms
PC13.GPIO_Label=LED2
NVIC.FDCAN2_IT1_IRQn=true\:2\:0\:true\:false\:true\:true\:true
PB15.Signal=ADC4_IN5
ProjectManager.StackSize=0x400
ADC4.Overrun=ADC_OVR_DATA_OVERWRITTEN
ADC5.SamplingTime-3\#ChannelRegularConversion=ADC_SAMPLETIME_47CYCLES_5
HRTIM1.ResetOutput2_Source1-Output_TB1TB2=HRTIM_OUTPUTRESET_MASTERPER
RCC.I2C3Freq_Value=170000000
Mcu.IP4=ADC5
Mcu.IP5=CRC
RCC.FCLKCortexFreq_Value=170000000
Mcu.IP2=ADC3
Mcu.IP3=ADC4
PA15.GPIO_Label=PEN
PB4.GPIOParameters=GPIO_Label
Mcu.IP0=ADC1
PA12.Locked=true
Mcu.IP1=ADC2
PA12.Signal=GPIO_Output
Dma.USART3_RX.1.MemInc=DMA_MINC_ENABLE
Mcu.UserConstants=CONTOLLOOP_DIV,16
HRTIM1.Periode_MASTER=10880
Mcu.ThirdPartyNb=1
Dma.ADC5.0.SyncSignalID=NONE
PB1.GPIO_PuPd=GPIO_PULLUP
RCC.HCLKFreq_Value=170000000
Mcu.IPNb=16
ProjectManager.PreviousToolchain=
Dma.USART3_RX.1.PeriphDataAlignment=DMA_PDATAALIGN_BYTE
PA8.GPIOParameters=GPIO_Label
Mcu.Pin6=PA1
HRTIM1.NumberResetTrigger-Output_TB1TB2=1
Mcu.Pin7=PA2
Mcu.Pin8=PA3
Mcu.Pin9=PA7
HRTIM1.ORingUpdateSource_ADCTrigger5=HRTIM_ADCTRIGGERUPDATE_TIMER_B
RCC.AHBFreq_Value=170000000
HRTIM1.ORingUpdateSource_ADCTrigger6=HRTIM_ADCTRIGGERUPDATE_TIMER_B
Mcu.Pin0=PC13
HRTIM1.ORingUpdateSource_ADCTrigger3=HRTIM_ADCTRIGGERUPDATE_TIMER_B
Mcu.Pin1=PC14-OSC32_IN
HRTIM1.ORingUpdateSource_ADCTrigger4=HRTIM_ADCTRIGGERUPDATE_TIMER_B
GPIO.groupedBy=Group By Peripherals
Mcu.Pin2=PC15-OSC32_OUT
HRTIM1.ORingUpdateSource_ADCTrigger1=HRTIM_ADCTRIGGERUPDATE_MASTER
Mcu.Pin3=PF0-OSC_IN
HRTIM1.ORingUpdateSource_ADCTrigger2=HRTIM_ADCTRIGGERUPDATE_TIMER_B
Mcu.Pin4=PF1-OSC_OUT
Mcu.Pin5=PG10-NRST
RCC.HSE_VALUE=16000000
NVIC.DebugMonitor_IRQn=true\:2\:0\:true\:false\:true\:false\:false
Mcu.IP10=NVIC
PCC.Seq0.Step0.DMIPS=212.5
NVIC.SysTick_IRQn=true\:2\:0\:true\:false\:true\:false\:true
Mcu.IP12=OPAMP3
Mcu.IP11=OPAMP2
Mcu.ThirdParty0=ARM.CMSIS.5.6.0
FDCAN2.ExtFiltersNbr=0
Mcu.IP14=SYS
Mcu.IP13=RCC
Mcu.IP15=USART3
RCC.VCOInputFreq_Value=4000000
PA14.Mode=Trace_Asynchronous_SW
PB5.Mode=FDCAN_Activate
File.Version=6
PA10.GPIO_Label=P2 PWM / LS
HRTIM1.HRTIMInterruptResquests1=HRTIM_IT_NONE
VP_SYS_VS_DBSignals.Mode=DisableDeadBatterySignals
ADC5.EnableInjectedConversion=DISABLE
PB7.Signal=GPIO_Input
HRTIM1.ADCTrigger4_Source1=HRTIM_ADCTRIGGEREVENT24_TIMERB_CMP2
Dma.RequestsNb=2
ADC5.OffsetNumber-3\#ChannelRegularConversion=ADC_OFFSET_NONE
PB0.Locked=true
PC14-OSC32_IN.GPIOParameters=GPIO_Label
RCC.CRSFreq_Value=48000000
ProjectManager.ProjectName=reboost
PB7.GPIO_Label=VDRVPG
ADC3.master=1
PCC.Seq0.Step0.Oscillator=HSE BYP PLL
ADC1.SamplingTime-13\#ChannelRegularConversion=ADC_SAMPLETIME_2CYCLES_5
ProjectManager.ToolChainLocation=
PA2.GPIO_Label=IHS+
RCC.LSI_VALUE=32000
PA15.Signal=GPIO_Output
VP_ADC2_OPAMP_INTERNAL2.Mode=IN-OPAMP2
ADC2.SamplingTime-0\#ChannelRegularConversion=ADC_SAMPLETIME_2CYCLES_5
HRTIM1.ADCTrigger1_Source1=HRTIM_ADCTRIGGEREVENT13_TIMERB_CMP3
PCC.Checker=true
PB8-BOOT0.GPIO_Label=BOOT0
ADC3.ClockPrescaler=ADC_CLOCK_SYNC_PCLK_DIV4
ADC5.Channel-3\#ChannelRegularConversion=ADC_CHANNEL_1
PCC.Seq0.Step0.Duration=1 ms
ADC5.NbrOfConversion=3
Dma.Request1=USART3_RX
PC4.Locked=true
PCC.Seq0.Step0.Peripherals=ADC1 ADC3 ADC4 ADC5 CRC DAC1 FDCAN1 FMAC GPIOA GPIOB GPIOC GPIOF HRTIM1 OPAMP1 OPAMP2 OPAMP3 OPAMP4 OPAMP5 USART1
PC14-OSC32_IN.GPIO_Label=LED1
ADC2.Rank-0\#ChannelRegularConversion=1
PF1-OSC_OUT.Mode=HSE-External-Oscillator
Dma.Request0=ADC5
FDCAN2.StdFiltersNbr=1
PCC.Seq0.Step1.Mode=RUN
HRTIM1.NumberResetSource2_TB=0
PC14-OSC32_IN.Locked=true
PB4.Signal=GPIO_Output
PA3.Signal=ADC1_IN4
PCC.Seq0.Step1.CPU_Frequency=170 MHz
PCC.Seq0.Step1.Memory=FLASH/SingleBank
Dma.ADC5.0.EventEnable=DISABLE
HRTIM1.RepetitionCounter-Output_TB1TB2=0x00
RCC.PLLSourceVirtual=RCC_PLLSOURCE_HSE
RCC.I2SFreq_Value=170000000
ADC3.SamplingTime-3\#ChannelRegularConversion=ADC_SAMPLETIME_2CYCLES_5
ADC5.SamplingTime-4\#ChannelRegularConversion=ADC_SAMPLETIME_47CYCLES_5
PA7.Mode=Follower_Internally_Connected
NVIC.ADC4_IRQn=true\:1\:0\:true\:false\:true\:true\:false
PB9.GPIO_Label=LED3
PA10.Mode=Output_TB1TB2
PCC.Seq0.Step0.Average_Current=62.81 mA
PCC.Vdd=3.0
ProjectManager.NoMain=false
PC4.GPIO_PuPd=GPIO_PULLUP
HRTIM1.ADCTrigger2_Source1=HRTIM_ADCTRIGGEREVENT24_TIMERB_CMP2
PC11.Signal=USART3_RX
ADC5.ContinuousConvMode=ENABLE
PC10.Mode=Asynchronous
PC4.Signal=GPIO_Input
ARM.CMSIS.5.6.0.CMSISJjDSP=Source
RCC.EXTERNAL_CLOCK_VALUE=12288000
ProjectManager.DefaultFWLocation=true
ProjectManager.DeletePrevious=true
PF1-OSC_OUT.Locked=true
ADC1.Channel-13\#ChannelRegularConversion=ADC_CHANNEL_3
ADC3.Rank-3\#ChannelRegularConversion=1
PA12.GPIO_Label=PHSEN
Dma.USART3_RX.1.SyncRequestNumber=1
RCC.FamilyName=M
PB9.GPIOParameters=GPIO_Label
HRTIM1.SetOutput1_Source1-Output_TB1TB2=HRTIM_OUTPUTSET_TIMPER
PA13.Signal=SYS_JTMS-SWDIO
Dma.USART3_RX.1.SyncEnable=DISABLE
ADC1.Rank-13\#ChannelRegularConversion=1
PCC.Seq0.Step0.TaMax=123.22
ADC4.SingleDiff-1\#ChannelRegularConversion=ADC_DIFFERENTIAL_ENDED
PA9.Mode=IN2-Single-Ended
VP_ADC5_TempSens_Input.Signal=ADC5_TempSens_Input
PG10-NRST.Locked=true
Dma.ADC5.0.Mode=DMA_CIRCULAR
HRTIM1.RepetitionUpdate-MasterTimer=HRTIM_UPDATEONREPETITION_ENABLED
NVIC.DMA1_Channel2_IRQn=true\:2\:0\:true\:false\:true\:false\:true
ProjectManager.TargetToolchain=STM32CubeIDE
HRTIM1.postscaler1=0xF
HRTIM1.postscaler2=0x0F
PCC.Seq0.Step1.User's_Consumption=0 mA
ADC5.Rank-4\#ChannelRegularConversion=3
PCC.Seq0.Step0.Mode=RUN
PB7.GPIOParameters=GPIO_Label
ADC4.Rank-1\#ChannelRegularConversion=1
ADC5.ExternalTrigConv=ADC_SOFTWARE_START
PB2.GPIOParameters=GPIO_PuPd,GPIO_Label
FDCAN2.DataTimeSeg1=8
FDCAN2.DataTimeSeg2=6
ADC5.Rank-3\#ChannelRegularConversion=2
ProjectManager.RegisterCallBack=
RCC.USBFreq_Value=170000000
Dma.ADC5.0.MemDataAlignment=DMA_MDATAALIGN_WORD
RCC.LSE_VALUE=32768
PC15-OSC32_OUT.Signal=GPIO_Output
PA1.Signal=OPAMP3_VINP
PB1.Locked=true
PF0-OSC_IN.Mode=HSE-External-Oscillator
HRTIM1.ADCTrigger_Id2=__NULL
HRTIM1.ADCTrigger_Id1=HRTIM_ADCTRIGGER_1
HRTIM1.ADCTrigger_Id4=__NULL
HRTIM1.ADCTrigger_Id3=__NULL
HRTIM1.ADCTrigger_Id6=__NULL
board=custom
HRTIM1.ADCTrigger_Id5=__NULL
PCC.Temperature=25
RCC.VCOOutputFreq_Value=340000000
SYS.VoltageScaling=SYSCFG_VREFBUF_VOLTAGE_SCALE2
PB15.Mode=IN4-Differential
FDCAN2.IPParameters=AutoRetransmission,NominalPrescaler,NominalTimeSeg1,NominalTimeSeg2,DataTimeSeg1,DataTimeSeg2,StdFiltersNbr,ExtFiltersNbr
RCC.APB2Freq_Value=170000000
RCC.UART4Freq_Value=170000000
PCC.Seq0.Step0.Frequency=4 MHz
MxCube.Version=6.2.0
PC13.GPIOParameters=GPIO_Label
RCC.FDCANFreq_Value=170000000
PA10.GPIOParameters=GPIO_Label
VP_SYS_VS_Systick.Mode=SysTick
HRTIM1.postscaler6=0xF
ADC5.OffsetNumber-4\#ChannelRegularConversion=ADC_OFFSET_NONE
RCC.UART5Freq_Value=170000000
PB15.GPIOParameters=GPIO_Label
ARM.CMSIS.5.6.0.CMSISJjCORE_Checked=false
RCC.IPParameters=ADC12Freq_Value,ADC345Freq_Value,AHBFreq_Value,APB1Freq_Value,APB1TimFreq_Value,APB2Freq_Value,APB2TimFreq_Value,CRSFreq_Value,CortexFreq_Value,EXTERNAL_CLOCK_VALUE,FCLKCortexFreq_Value,FDCANFreq_Value,FamilyName,HCLKFreq_Value,HSE_VALUE,HSI48_VALUE,HSI_VALUE,I2C1Freq_Value,I2C2Freq_Value,I2C3Freq_Value,I2C4Freq_Value,I2SFreq_Value,LPTIM1Freq_Value,LPUART1Freq_Value,LSCOPinFreq_Value,LSE_VALUE,LSI_VALUE,MCO1PinFreq_Value,PLLM,PLLN,PLLPoutputFreq_Value,PLLQoutputFreq_Value,PLLRCLKFreq_Value,PLLSourceVirtual,PWRFreq_Value,QSPIFreq_Value,RNGFreq_Value,SAI1Freq_Value,SYSCLKFreq_VALUE,SYSCLKSource,UART4Freq_Value,UART5Freq_Value,USART1Freq_Value,USART2Freq_Value,USART3Freq_Value,USBFreq_Value,VCOInputFreq_Value,VCOOutputFreq_Value
ProjectManager.AskForMigrate=true
Mcu.Name=STM32G474C(B-C-E)Ux
HRTIM1.SetOutput2_Source1-Output_TB1TB2=HRTIM_OUTPUTSET_TIMCMP1
PA2.Signal=ADC1_IN3
PB2.Locked=true
VP_ADC3_OPAMP_INTERNAL3.Mode=IN-OPAMP3
Mcu.IP8=FMAC
Mcu.IP9=HRTIM1
HRTIM1.ResetUpdate-Output_TB1TB2=HRTIM_TIMUPDATEONRESET_ENABLED
Mcu.IP6=DMA
Mcu.IP7=FDCAN2
ProjectManager.CoupleFile=true
PCC.Seq0.Step0.Memory=FLASH/SingleBank
PB3.Signal=SYS_JTDO-SWO
RCC.SYSCLKFreq_VALUE=170000000
ADC5.NbrOfConversionFlag=1
PA7.GPIO_Label=VHS
HRTIM1.NumberResetSource1-Output_TB1TB2=1
Dma.USART3_RX.1.SyncSignalID=NONE
KeepUserPlacement=false
PA13.Locked=true
FDCAN2.AutoRetransmission=ENABLE
PA14.Signal=SYS_JTCK-SWCLK
PB2.GPIO_Label=ID3
RCC.HSI_VALUE=16000000
ADC5.OversamplingStopReset=ADC_REGOVERSAMPLING_RESUMED_MODE
PCC.Seq0.Step1.Frequency=4 MHz
PG10-NRST.GPIOParameters=GPIO_Label
ADC1.NbrOfConversionFlag=1
Dma.USART3_RX.1.RequestNumber=1
RCC.PLLM=RCC_PLLM_DIV4
RCC.PLLN=85
PB7.Locked=true
PCC.Seq0.Step1.Peripherals=ADC1 ADC3 ADC4 ADC5 CRC DAC1 FDCAN1 FMAC GPIOA GPIOB GPIOC GPIOF HRTIM1 OPAMP1 OPAMP2 OPAMP3 OPAMP4 OPAMP5 USART1
PA2.Mode=IN3-Differential
PCC.Seq0.Step0.Vdd=3.6
ADC3.OffsetNumber-3\#ChannelRegularConversion=ADC_OFFSET_NONE
ADC5.Ratio=ADC_OVERSAMPLING_RATIO_256
RCC.APB1Freq_Value=170000000
ADC3.NbrOfConversionFlag=1
VP_CRC_VS_CRC.Mode=CRC_Activate
ADC1.ClockPrescaler=ADC_CLOCK_SYNC_PCLK_DIV4
HRTIM1.CompareUnit1-MasterTimer=__NULL
HRTIM1.Periode_TB=54400
ProjectManager.DeviceId=STM32G474CEUx
ProjectManager.LibraryCopy=1
PB0.GPIO_PuPd=GPIO_PULLUP
Dma.USART3_RX.1.PeriphInc=DMA_PINC_DISABLE
PA3.GPIO_Label=IHS-
PB1.GPIOParameters=GPIO_PuPd,GPIO_Label
ADC5.DMAContinuousRequests=ENABLE
PA7.Signal=OPAMP2_VINP
isbadioc=false
